
Microsoft Visual Studio Solution File, Format Version 12.00
# Visual Studio 15
VisualStudioVersion = 15.0.27703.2035
MinimumVisualStudioVersion = 10.0.40219.1
Project("{8BC9CEB8-8B4A-11D0-8D11-00A0C91BC942}") = "BCA", "BCA\BCA.vcxproj", "{15BA07E9-8C13-402F-A75D-9F5530645820}"
EndProject
Global
	GlobalSection(SolutionConfigurationPlatforms) = preSolution
		Debug|x64 = Debug|x64
		Debug|x86 = Debug|x86
		Release|x64 = Release|x64
		Release|x86 = Release|x86
	EndGlobalSection
	GlobalSection(ProjectConfigurationPlatforms) = postSolution
		{15BA07E9-8C13-402F-A75D-9F5530645820}.Debug|x64.ActiveCfg = Debug|x64
		{15BA07E9-8C13-402F-A75D-9F5530645820}.Debug|x64.Build.0 = Debug|x64
		{15BA07E9-8C13-402F-A75D-9F5530645820}.Debug|x86.ActiveCfg = Debug|Win32
		{15BA07E9-8C13-402F-A75D-9F5530645820}.Debug|x86.Build.0 = Debug|Win32
		{15BA07E9-8C13-402F-A75D-9F5530645820}.Release|x64.ActiveCfg = Release|x64
		{15BA07E9-8C13-402F-A75D-9F5530645820}.Release|x64.Build.0 = Release|x64
		{15BA07E9-8C13-402F-A75D-9F5530645820}.Release|x86.ActiveCfg = Release|Win32
		{15BA07E9-8C13-402F-A75D-9F5530645820}.Release|x86.Build.0 = Release|Win32
	EndGlobalSection
	GlobalSection(SolutionProperties) = preSolution
		HideSolutionNode = FALSE
	EndGlobalSection
	GlobalSection(ExtensibilityGlobals) = postSolution
		SolutionGuid = {8556BBEB-61A6-4456-8F81-B716A01AC696}
	EndGlobalSection
EndGlobal
