
Microsoft Visual Studio Solution File, Format Version 12.00
# Visual Studio 15
VisualStudioVersion = 15.0.27703.2035
MinimumVisualStudioVersion = 10.0.40219.1
Project("{8BC9CEB8-8B4A-11D0-8D11-00A0C91BC942}") = "Sort", "Sort\Sort.vcxproj", "{4EC4A503-74B8-4985-B97C-1B36CEEAAB7F}"
EndProject
Global
	GlobalSection(SolutionConfigurationPlatforms) = preSolution
		Debug|x64 = Debug|x64
		Debug|x86 = Debug|x86
		Release|x64 = Release|x64
		Release|x86 = Release|x86
	EndGlobalSection
	GlobalSection(ProjectConfigurationPlatforms) = postSolution
		{4EC4A503-74B8-4985-B97C-1B36CEEAAB7F}.Debug|x64.ActiveCfg = Debug|x64
		{4EC4A503-74B8-4985-B97C-1B36CEEAAB7F}.Debug|x64.Build.0 = Debug|x64
		{4EC4A503-74B8-4985-B97C-1B36CEEAAB7F}.Debug|x86.ActiveCfg = Debug|Win32
		{4EC4A503-74B8-4985-B97C-1B36CEEAAB7F}.Debug|x86.Build.0 = Debug|Win32
		{4EC4A503-74B8-4985-B97C-1B36CEEAAB7F}.Release|x64.ActiveCfg = Release|x64
		{4EC4A503-74B8-4985-B97C-1B36CEEAAB7F}.Release|x64.Build.0 = Release|x64
		{4EC4A503-74B8-4985-B97C-1B36CEEAAB7F}.Release|x86.ActiveCfg = Release|Win32
		{4EC4A503-74B8-4985-B97C-1B36CEEAAB7F}.Release|x86.Build.0 = Release|Win32
	EndGlobalSection
	GlobalSection(SolutionProperties) = preSolution
		HideSolutionNode = FALSE
	EndGlobalSection
	GlobalSection(ExtensibilityGlobals) = postSolution
		SolutionGuid = {4E63C5DA-2F10-4E4F-A16E-3FFFBF035F1B}
	EndGlobalSection
EndGlobal
